
Microsoft Visual Studio Solution File, Format Version 12.00
Project("{FAE04EC0-301F-11D3-BF4B-00C04F79EFBC}") = "UniversityManagementSystem.API", "src\UniversityManagementSystem.API\UniversityManagementSystem.API.csproj", "{987B55CE-E322-4083-BDFB-3A6D3FA314AB}"
EndProject
Global
	GlobalSection(SolutionConfigurationPlatforms) = preSolution
		Debug|Any CPU = Debug|Any CPU
		Release|Any CPU = Release|Any CPU
	EndGlobalSection
	GlobalSection(ProjectConfigurationPlatforms) = postSolution
		{987B55CE-E322-4083-BDFB-3A6D3FA314AB}.Debug|Any CPU.ActiveCfg = Debug|Any CPU
		{987B55CE-E322-4083-BDFB-3A6D3FA314AB}.Debug|Any CPU.Build.0 = Debug|Any CPU
		{987B55CE-E322-4083-BDFB-3A6D3FA314AB}.Release|Any CPU.ActiveCfg = Release|Any CPU
		{987B55CE-E322-4083-BDFB-3A6D3FA314AB}.Release|Any CPU.Build.0 = Release|Any CPU
	EndGlobalSection
EndGlobal
